
Microsoft Visual Studio Solution File, Format Version 12.00
# Visual Studio Version 17
VisualStudioVersion = 17.8.34525.116
MinimumVisualStudioVersion = 10.0.40219.1
Project("{9A19103F-16F7-4668-BE54-9A1E7A4F7556}") = "ServerManagement", "ServerManagement\ServerManagement.csproj", "{00DA6AA3-CE68-4D2E-92A4-031F4B389E72}"
EndProject
Project("{9A19103F-16F7-4668-BE54-9A1E7A4F7556}") = "ToDoApp", "ToDoApp\ToDoApp.csproj", "{1E765B30-046E-4FFD-84C2-5436D423E138}"
EndProject
Global
	GlobalSection(SolutionConfigurationPlatforms) = preSolution
		Debug|Any CPU = Debug|Any CPU
		Release|Any CPU = Release|Any CPU
	EndGlobalSection
	GlobalSection(ProjectConfigurationPlatforms) = postSolution
		{00DA6AA3-CE68-4D2E-92A4-031F4B389E72}.Debug|Any CPU.ActiveCfg = Debug|Any CPU
		{00DA6AA3-CE68-4D2E-92A4-031F4B389E72}.Debug|Any CPU.Build.0 = Debug|Any CPU
		{00DA6AA3-CE68-4D2E-92A4-031F4B389E72}.Release|Any CPU.ActiveCfg = Release|Any CPU
		{00DA6AA3-CE68-4D2E-92A4-031F4B389E72}.Release|Any CPU.Build.0 = Release|Any CPU
		{1E765B30-046E-4FFD-84C2-5436D423E138}.Debug|Any CPU.ActiveCfg = Debug|Any CPU
		{1E765B30-046E-4FFD-84C2-5436D423E138}.Debug|Any CPU.Build.0 = Debug|Any CPU
		{1E765B30-046E-4FFD-84C2-5436D423E138}.Release|Any CPU.ActiveCfg = Release|Any CPU
		{1E765B30-046E-4FFD-84C2-5436D423E138}.Release|Any CPU.Build.0 = Release|Any CPU
	EndGlobalSection
	GlobalSection(SolutionProperties) = preSolution
		HideSolutionNode = FALSE
	EndGlobalSection
	GlobalSection(ExtensibilityGlobals) = postSolution
		SolutionGuid = {8616E3C2-A221-4F3A-887A-E5B8CA8D5A1E}
	EndGlobalSection
EndGlobal
